
Microsoft Visual Studio Solution File, Format Version 12.00
# Visual Studio Version 17
VisualStudioVersion = 17.14.36804.6 d17.14
MinimumVisualStudioVersion = 10.0.40219.1
Project("{FAE04EC0-301F-11D3-BF4B-00C04F79EFBC}") = "BlazorWasmApp22Samples", "BlazorWasmApp22Samples.csproj", "{312851D1-9876-4BD9-BF60-404CBD10DED4}"
EndProject
Global
	GlobalSection(SolutionConfigurationPlatforms) = preSolution
		Debug|Any CPU = Debug|Any CPU
		Release|Any CPU = Release|Any CPU
	EndGlobalSection
	GlobalSection(ProjectConfigurationPlatforms) = postSolution
		{312851D1-9876-4BD9-BF60-404CBD10DED4}.Debug|Any CPU.ActiveCfg = Debug|Any CPU
		{312851D1-9876-4BD9-BF60-404CBD10DED4}.Debug|Any CPU.Build.0 = Debug|Any CPU
		{312851D1-9876-4BD9-BF60-404CBD10DED4}.Release|Any CPU.ActiveCfg = Release|Any CPU
		{312851D1-9876-4BD9-BF60-404CBD10DED4}.Release|Any CPU.Build.0 = Release|Any CPU
	EndGlobalSection
	GlobalSection(SolutionProperties) = preSolution
		HideSolutionNode = FALSE
	EndGlobalSection
	GlobalSection(ExtensibilityGlobals) = postSolution
		SolutionGuid = {38EFB663-3E34-4790-A030-DE2921375627}
	EndGlobalSection
EndGlobal
